
Microsoft Visual Studio Solution File, Format Version 12.00
# Visual Studio Version 17
VisualStudioVersion = 17.14.36518.9
MinimumVisualStudioVersion = 10.0.40219.1
Project("{8BC9CEB8-8B4A-11D0-8D11-00A0C91BC942}") = "Program", "Program.vcxproj", "{306AFCDC-4F2C-4AED-ADD9-086EEBDBAA35}"
EndProject
Project("{8BC9CEB8-8B4A-11D0-8D11-00A0C91BC942}") = "class1th (comfile)", "..\class1th (comfile)\class1th (comfile).vcxproj", "{A145A0C1-19D7-46B9-8CD8-7C4A3D2C87F2}"
EndProject
Project("{8BC9CEB8-8B4A-11D0-8D11-00A0C91BC942}") = "class 2th", "..\class 2th\class 2th.vcxproj", "{6685394F-9CAD-48AD-B1E8-3CC5F966301B}"
EndProject
Project("{8BC9CEB8-8B4A-11D0-8D11-00A0C91BC942}") = "class3th (Bit)", "..\class3th (Bit)\class3th (Bit).vcxproj", "{19376089-968C-4AAD-95E1-EAEC376D7883}"
EndProject
Project("{8BC9CEB8-8B4A-11D0-8D11-00A0C91BC942}") = "class4th (Overflow & Underflow)", "..\class4th (Overflow & Underflow)\class4th (Overflow & Underflow).vcxproj", "{14141EFE-03A9-4038-968D-F70E2CD7FF0E}"
EndProject
Project("{8BC9CEB8-8B4A-11D0-8D11-00A0C91BC942}") = "Class5th (Conditional Statement)", "..\Class5th (Conditional Statement)\Class5th (Conditional Statement).vcxproj", "{7FE3B4E0-E1F9-4B67-A4D7-54831ED94575}"
EndProject
Global
	GlobalSection(SolutionConfigurationPlatforms) = preSolution
		Debug|x64 = Debug|x64
		Debug|x86 = Debug|x86
		Release|x64 = Release|x64
		Release|x86 = Release|x86
	EndGlobalSection
	GlobalSection(ProjectConfigurationPlatforms) = postSolution
		{306AFCDC-4F2C-4AED-ADD9-086EEBDBAA35}.Debug|x64.ActiveCfg = Debug|x64
		{306AFCDC-4F2C-4AED-ADD9-086EEBDBAA35}.Debug|x64.Build.0 = Debug|x64
		{306AFCDC-4F2C-4AED-ADD9-086EEBDBAA35}.Debug|x86.ActiveCfg = Debug|Win32
		{306AFCDC-4F2C-4AED-ADD9-086EEBDBAA35}.Debug|x86.Build.0 = Debug|Win32
		{306AFCDC-4F2C-4AED-ADD9-086EEBDBAA35}.Release|x64.ActiveCfg = Release|x64
		{306AFCDC-4F2C-4AED-ADD9-086EEBDBAA35}.Release|x64.Build.0 = Release|x64
		{306AFCDC-4F2C-4AED-ADD9-086EEBDBAA35}.Release|x86.ActiveCfg = Release|Win32
		{306AFCDC-4F2C-4AED-ADD9-086EEBDBAA35}.Release|x86.Build.0 = Release|Win32
		{A145A0C1-19D7-46B9-8CD8-7C4A3D2C87F2}.Debug|x64.ActiveCfg = Debug|x64
		{A145A0C1-19D7-46B9-8CD8-7C4A3D2C87F2}.Debug|x64.Build.0 = Debug|x64
		{A145A0C1-19D7-46B9-8CD8-7C4A3D2C87F2}.Debug|x86.ActiveCfg = Debug|Win32
		{A145A0C1-19D7-46B9-8CD8-7C4A3D2C87F2}.Debug|x86.Build.0 = Debug|Win32
		{A145A0C1-19D7-46B9-8CD8-7C4A3D2C87F2}.Release|x64.ActiveCfg = Release|x64
		{A145A0C1-19D7-46B9-8CD8-7C4A3D2C87F2}.Release|x64.Build.0 = Release|x64
		{A145A0C1-19D7-46B9-8CD8-7C4A3D2C87F2}.Release|x86.ActiveCfg = Release|Win32
		{A145A0C1-19D7-46B9-8CD8-7C4A3D2C87F2}.Release|x86.Build.0 = Release|Win32
		{6685394F-9CAD-48AD-B1E8-3CC5F966301B}.Debug|x64.ActiveCfg = Debug|x64
		{6685394F-9CAD-48AD-B1E8-3CC5F966301B}.Debug|x64.Build.0 = Debug|x64
		{6685394F-9CAD-48AD-B1E8-3CC5F966301B}.Debug|x86.ActiveCfg = Debug|Win32
		{6685394F-9CAD-48AD-B1E8-3CC5F966301B}.Debug|x86.Build.0 = Debug|Win32
		{6685394F-9CAD-48AD-B1E8-3CC5F966301B}.Release|x64.ActiveCfg = Release|x64
		{6685394F-9CAD-48AD-B1E8-3CC5F966301B}.Release|x64.Build.0 = Release|x64
		{6685394F-9CAD-48AD-B1E8-3CC5F966301B}.Release|x86.ActiveCfg = Release|Win32
		{6685394F-9CAD-48AD-B1E8-3CC5F966301B}.Release|x86.Build.0 = Release|Win32
		{19376089-968C-4AAD-95E1-EAEC376D7883}.Debug|x64.ActiveCfg = Debug|x64
		{19376089-968C-4AAD-95E1-EAEC376D7883}.Debug|x64.Build.0 = Debug|x64
		{19376089-968C-4AAD-95E1-EAEC376D7883}.Debug|x86.ActiveCfg = Debug|Win32
		{19376089-968C-4AAD-95E1-EAEC376D7883}.Debug|x86.Build.0 = Debug|Win32
		{19376089-968C-4AAD-95E1-EAEC376D7883}.Release|x64.ActiveCfg = Release|x64
		{19376089-968C-4AAD-95E1-EAEC376D7883}.Release|x64.Build.0 = Release|x64
		{19376089-968C-4AAD-95E1-EAEC376D7883}.Release|x86.ActiveCfg = Release|Win32
		{19376089-968C-4AAD-95E1-EAEC376D7883}.Release|x86.Build.0 = Release|Win32
		{14141EFE-03A9-4038-968D-F70E2CD7FF0E}.Debug|x64.ActiveCfg = Debug|x64
		{14141EFE-03A9-4038-968D-F70E2CD7FF0E}.Debug|x64.Build.0 = Debug|x64
		{14141EFE-03A9-4038-968D-F70E2CD7FF0E}.Debug|x86.ActiveCfg = Debug|Win32
		{14141EFE-03A9-4038-968D-F70E2CD7FF0E}.Debug|x86.Build.0 = Debug|Win32
		{14141EFE-03A9-4038-968D-F70E2CD7FF0E}.Release|x64.ActiveCfg = Release|x64
		{14141EFE-03A9-4038-968D-F70E2CD7FF0E}.Release|x64.Build.0 = Release|x64
		{14141EFE-03A9-4038-968D-F70E2CD7FF0E}.Release|x86.ActiveCfg = Release|Win32
		{14141EFE-03A9-4038-968D-F70E2CD7FF0E}.Release|x86.Build.0 = Release|Win32
		{7FE3B4E0-E1F9-4B67-A4D7-54831ED94575}.Debug|x64.ActiveCfg = Debug|x64
		{7FE3B4E0-E1F9-4B67-A4D7-54831ED94575}.Debug|x64.Build.0 = Debug|x64
		{7FE3B4E0-E1F9-4B67-A4D7-54831ED94575}.Debug|x86.ActiveCfg = Debug|Win32
		{7FE3B4E0-E1F9-4B67-A4D7-54831ED94575}.Debug|x86.Build.0 = Debug|Win32
		{7FE3B4E0-E1F9-4B67-A4D7-54831ED94575}.Release|x64.ActiveCfg = Release|x64
		{7FE3B4E0-E1F9-4B67-A4D7-54831ED94575}.Release|x64.Build.0 = Release|x64
		{7FE3B4E0-E1F9-4B67-A4D7-54831ED94575}.Release|x86.ActiveCfg = Release|Win32
		{7FE3B4E0-E1F9-4B67-A4D7-54831ED94575}.Release|x86.Build.0 = Release|Win32
	EndGlobalSection
	GlobalSection(SolutionProperties) = preSolution
		HideSolutionNode = FALSE
	EndGlobalSection
	GlobalSection(ExtensibilityGlobals) = postSolution
		SolutionGuid = {F069654C-6308-43A9-8EA8-D85E3AE3B723}
	EndGlobalSection
EndGlobal
